
Microsoft Visual Studio Solution File, Format Version 12.00
# Visual Studio Version 16
VisualStudioVersion = 16.0.32106.194
MinimumVisualStudioVersion = 10.0.40219.1
Project("{FAE04EC0-301F-11D3-BF4B-00C04F79EFBC}") = "4 Elephants-Forms XD", "4 Elephants-Forms XD.csproj", "{D8EC8B8A-DBC4-47E7-BC61-A64E4505D07A}"
EndProject
Global
	GlobalSection(SolutionConfigurationPlatforms) = preSolution
		Debug|Any CPU = Debug|Any CPU
		Release|Any CPU = Release|Any CPU
	EndGlobalSection
	GlobalSection(ProjectConfigurationPlatforms) = postSolution
		{D8EC8B8A-DBC4-47E7-BC61-A64E4505D07A}.Debug|Any CPU.ActiveCfg = Debug|Any CPU
		{D8EC8B8A-DBC4-47E7-BC61-A64E4505D07A}.Debug|Any CPU.Build.0 = Debug|Any CPU
		{D8EC8B8A-DBC4-47E7-BC61-A64E4505D07A}.Release|Any CPU.ActiveCfg = Release|Any CPU
		{D8EC8B8A-DBC4-47E7-BC61-A64E4505D07A}.Release|Any CPU.Build.0 = Release|Any CPU
	EndGlobalSection
	GlobalSection(SolutionProperties) = preSolution
		HideSolutionNode = FALSE
	EndGlobalSection
	GlobalSection(ExtensibilityGlobals) = postSolution
		SolutionGuid = {B0208046-0A1E-4C08-89CA-DB63EE008BAC}
	EndGlobalSection
EndGlobal
